
Microsoft Visual Studio Solution File, Format Version 12.00
# Visual Studio 15
VisualStudioVersion = 15.0.27703.2042
MinimumVisualStudioVersion = 10.0.40219.1
Project("{FAE04EC0-301F-11D3-BF4B-00C04F79EFBC}") = "NS2Inserter", "NS2Inserter\NS2Inserter.csproj", "{ECFDF7C0-7E8E-4585-B11A-777489F28078}"
EndProject
Global
	GlobalSection(SolutionConfigurationPlatforms) = preSolution
		Debug|Any CPU = Debug|Any CPU
		Release|Any CPU = Release|Any CPU
	EndGlobalSection
	GlobalSection(ProjectConfigurationPlatforms) = postSolution
		{ECFDF7C0-7E8E-4585-B11A-777489F28078}.Debug|Any CPU.ActiveCfg = Debug|Any CPU
		{ECFDF7C0-7E8E-4585-B11A-777489F28078}.Debug|Any CPU.Build.0 = Debug|Any CPU
		{ECFDF7C0-7E8E-4585-B11A-777489F28078}.Release|Any CPU.ActiveCfg = Release|Any CPU
		{ECFDF7C0-7E8E-4585-B11A-777489F28078}.Release|Any CPU.Build.0 = Release|Any CPU
	EndGlobalSection
	GlobalSection(SolutionProperties) = preSolution
		HideSolutionNode = FALSE
	EndGlobalSection
	GlobalSection(ExtensibilityGlobals) = postSolution
		SolutionGuid = {1AFE8597-C059-4AC6-9423-05E6E9B3FFEF}
	EndGlobalSection
EndGlobal
